
Microsoft Visual Studio Solution File, Format Version 12.00
# Visual Studio Version 17
VisualStudioVersion = 17.5.33424.131
MinimumVisualStudioVersion = 10.0.40219.1
Project("{FAE04EC0-301F-11D3-BF4B-00C04F79EFBC}") = "ZarCurrencyTooter", "ZarCurrencyTooter\ZarCurrencyTooter.csproj", "{A7F9AD01-8E5D-48B0-ABD7-F32CC7D03AEA}"
EndProject
Global
	GlobalSection(SolutionConfigurationPlatforms) = preSolution
		Debug|Any CPU = Debug|Any CPU
		Release|Any CPU = Release|Any CPU
	EndGlobalSection
	GlobalSection(ProjectConfigurationPlatforms) = postSolution
		{A7F9AD01-8E5D-48B0-ABD7-F32CC7D03AEA}.Debug|Any CPU.ActiveCfg = Debug|Any CPU
		{A7F9AD01-8E5D-48B0-ABD7-F32CC7D03AEA}.Debug|Any CPU.Build.0 = Debug|Any CPU
		{A7F9AD01-8E5D-48B0-ABD7-F32CC7D03AEA}.Release|Any CPU.ActiveCfg = Release|Any CPU
		{A7F9AD01-8E5D-48B0-ABD7-F32CC7D03AEA}.Release|Any CPU.Build.0 = Release|Any CPU
	EndGlobalSection
	GlobalSection(SolutionProperties) = preSolution
		HideSolutionNode = FALSE
	EndGlobalSection
	GlobalSection(ExtensibilityGlobals) = postSolution
		SolutionGuid = {FC80D0C8-FBA7-4A57-964F-22B1EE41E092}
	EndGlobalSection
EndGlobal
